
Microsoft Visual Studio Solution File, Format Version 12.00
# Visual Studio Version 17
VisualStudioVersion = 17.3.32929.385
MinimumVisualStudioVersion = 10.0.40219.1
Project("{FAE04EC0-301F-11D3-BF4B-00C04F79EFBC}") = "TaiwainStockUtility.TradingTime", "TaiwainStockUtility.TradingTime\TaiwainStockUtility.TradingTime.csproj", "{D69DCAA8-038D-478C-AA53-3DF0E2081EC1}"
EndProject
Project("{FAE04EC0-301F-11D3-BF4B-00C04F79EFBC}") = "ConsoleApp1", "ConsoleApp1\ConsoleApp1.csproj", "{844DC6F0-02EA-4828-8D01-3318834F76ED}"
EndProject
Project("{FAE04EC0-301F-11D3-BF4B-00C04F79EFBC}") = "Trading.Time.Test", "Trading.Time.Test\Trading.Time.Test.csproj", "{EDDCD70D-2BEB-458D-A413-1080D5F24248}"
EndProject
Global
	GlobalSection(SolutionConfigurationPlatforms) = preSolution
		Debug|Any CPU = Debug|Any CPU
		Release|Any CPU = Release|Any CPU
	EndGlobalSection
	GlobalSection(ProjectConfigurationPlatforms) = postSolution
		{D69DCAA8-038D-478C-AA53-3DF0E2081EC1}.Debug|Any CPU.ActiveCfg = Debug|Any CPU
		{D69DCAA8-038D-478C-AA53-3DF0E2081EC1}.Debug|Any CPU.Build.0 = Debug|Any CPU
		{D69DCAA8-038D-478C-AA53-3DF0E2081EC1}.Release|Any CPU.ActiveCfg = Release|Any CPU
		{D69DCAA8-038D-478C-AA53-3DF0E2081EC1}.Release|Any CPU.Build.0 = Release|Any CPU
		{844DC6F0-02EA-4828-8D01-3318834F76ED}.Debug|Any CPU.ActiveCfg = Debug|Any CPU
		{844DC6F0-02EA-4828-8D01-3318834F76ED}.Debug|Any CPU.Build.0 = Debug|Any CPU
		{844DC6F0-02EA-4828-8D01-3318834F76ED}.Release|Any CPU.ActiveCfg = Release|Any CPU
		{844DC6F0-02EA-4828-8D01-3318834F76ED}.Release|Any CPU.Build.0 = Release|Any CPU
		{EDDCD70D-2BEB-458D-A413-1080D5F24248}.Debug|Any CPU.ActiveCfg = Debug|Any CPU
		{EDDCD70D-2BEB-458D-A413-1080D5F24248}.Debug|Any CPU.Build.0 = Debug|Any CPU
		{EDDCD70D-2BEB-458D-A413-1080D5F24248}.Release|Any CPU.ActiveCfg = Release|Any CPU
		{EDDCD70D-2BEB-458D-A413-1080D5F24248}.Release|Any CPU.Build.0 = Release|Any CPU
	EndGlobalSection
	GlobalSection(SolutionProperties) = preSolution
		HideSolutionNode = FALSE
	EndGlobalSection
	GlobalSection(ExtensibilityGlobals) = postSolution
		SolutionGuid = {8FAD6FE6-75A7-4225-9F73-86A53217B2DD}
	EndGlobalSection
EndGlobal
